// !$*UTF8*$!
{
	archiveVersion = 1;
	classes = {
	};
	objectVersion = 56;
	objects = {

/* Begin PBXBuildFile section */
		6BDAFE1F2AFAB07200727F74 /* facebook_cloneApp.swift in Sources */ = {isa = PBXBuildFile; fileRef = 6BDAFE1E2AFAB07200727F74 /* facebook_cloneApp.swift */; };
		6BDAFE232AFAB07500727F74 /* Assets.xcassets in Resources */ = {isa = PBXBuildFile; fileRef = 6BDAFE222AFAB07500727F74 /* Assets.xcassets */; };
		6BDAFE262AFAB07500727F74 /* Preview Assets.xcassets in Resources */ = {isa = PBXBuildFile; fileRef = 6BDAFE252AFAB07500727F74 /* Preview Assets.xcassets */; };
		6BDAFE2E2AFAC94400727F74 /* HomeView.swift in Sources */ = {isa = PBXBuildFile; fileRef = 6BDAFE2D2AFAC94400727F74 /* HomeView.swift */; };
		6BDAFE312AFAC97700727F74 /* HeaderView.swift in Sources */ = {isa = PBXBuildFile; fileRef = 6BDAFE302AFAC97700727F74 /* HeaderView.swift */; };
		6BDAFE332AFAD45D00727F74 /* SectionDividerView.swift in Sources */ = {isa = PBXBuildFile; fileRef = 6BDAFE322AFAD45D00727F74 /* SectionDividerView.swift */; };
		6BDAFE352AFAD4A300727F74 /* StoriesView.swift in Sources */ = {isa = PBXBuildFile; fileRef = 6BDAFE342AFAD4A300727F74 /* StoriesView.swift */; };
		6BDAFE382AFAD4F400727F74 /* Story.swift in Sources */ = {isa = PBXBuildFile; fileRef = 6BDAFE372AFAD4F400727F74 /* Story.swift */; };
		6BDAFE3A2AFAD57800727F74 /* StoryView.swift in Sources */ = {isa = PBXBuildFile; fileRef = 6BDAFE392AFAD57800727F74 /* StoryView.swift */; };
		6BDAFE3C2AFADBF000727F74 /* PostsView.swift in Sources */ = {isa = PBXBuildFile; fileRef = 6BDAFE3B2AFADBF000727F74 /* PostsView.swift */; };
		6BDAFE3E2AFADC4100727F74 /* Post.swift in Sources */ = {isa = PBXBuildFile; fileRef = 6BDAFE3D2AFADC4100727F74 /* Post.swift */; };
		6BDAFE402AFADD0D00727F74 /* PostView.swift in Sources */ = {isa = PBXBuildFile; fileRef = 6BDAFE3F2AFADD0D00727F74 /* PostView.swift */; };
/* End PBXBuildFile section */

/* Begin PBXFileReference section */
		6BDAFE1B2AFAB07200727F74 /* facebook_clone.app */ = {isa = PBXFileReference; explicitFileType = wrapper.application; includeInIndex = 0; path = facebook_clone.app; sourceTree = BUILT_PRODUCTS_DIR; };
		6BDAFE1E2AFAB07200727F74 /* facebook_cloneApp.swift */ = {isa = PBXFileReference; lastKnownFileType = sourcecode.swift; path = facebook_cloneApp.swift; sourceTree = "<group>"; };
		6BDAFE222AFAB07500727F74 /* Assets.xcassets */ = {isa = PBXFileReference; lastKnownFileType = folder.assetcatalog; path = Assets.xcassets; sourceTree = "<group>"; };
		6BDAFE252AFAB07500727F74 /* Preview Assets.xcassets */ = {isa = PBXFileReference; lastKnownFileType = folder.assetcatalog; path = "Preview Assets.xcassets"; sourceTree = "<group>"; };
		6BDAFE2D2AFAC94400727F74 /* HomeView.swift */ = {isa = PBXFileReference; lastKnownFileType = sourcecode.swift; path = HomeView.swift; sourceTree = "<group>"; };
		6BDAFE302AFAC97700727F74 /* HeaderView.swift */ = {isa = PBXFileReference; lastKnownFileType = sourcecode.swift; path = HeaderView.swift; sourceTree = "<group>"; };
		6BDAFE322AFAD45D00727F74 /* SectionDividerView.swift */ = {isa = PBXFileReference; lastKnownFileType = sourcecode.swift; path = SectionDividerView.swift; sourceTree = "<group>"; };
		6BDAFE342AFAD4A300727F74 /* StoriesView.swift */ = {isa = PBXFileReference; lastKnownFileType = sourcecode.swift; path = StoriesView.swift; sourceTree = "<group>"; };
		6BDAFE372AFAD4F400727F74 /* Story.swift */ = {isa = PBXFileReference; lastKnownFileType = sourcecode.swift; path = Story.swift; sourceTree = "<group>"; };
		6BDAFE392AFAD57800727F74 /* StoryView.swift */ = {isa = PBXFileReference; lastKnownFileType = sourcecode.swift; path = StoryView.swift; sourceTree = "<group>"; };
		6BDAFE3B2AFADBF000727F74 /* PostsView.swift */ = {isa = PBXFileReference; lastKnownFileType = sourcecode.swift; path = PostsView.swift; sourceTree = "<group>"; };
		6BDAFE3D2AFADC4100727F74 /* Post.swift */ = {isa = PBXFileReference; lastKnownFileType = sourcecode.swift; path = Post.swift; sourceTree = "<group>"; };
		6BDAFE3F2AFADD0D00727F74 /* PostView.swift */ = {isa = PBXFileReference; lastKnownFileType = sourcecode.swift; path = PostView.swift; sourceTree = "<group>"; };
/* End PBXFileReference section */

/* Begin PBXFrameworksBuildPhase section */
		6BDAFE182AFAB07200727F74 /* Frameworks */ = {
			isa = PBXFrameworksBuildPhase;
			buildActionMask = 2147483647;
			files = (
			);
			runOnlyForDeploymentPostprocessing = 0;
		};
/* End PBXFrameworksBuildPhase section */

/* Begin PBXGroup section */
		6BDAFE122AFAB07200727F74 = {
			isa = PBXGroup;
			children = (
				6BDAFE1D2AFAB07200727F74 /* facebook_clone */,
				6BDAFE1C2AFAB07200727F74 /* Products */,
			);
			sourceTree = "<group>";
		};
		6BDAFE1C2AFAB07200727F74 /* Products */ = {
			isa = PBXGroup;
			children = (
				6BDAFE1B2AFAB07200727F74 /* facebook_clone.app */,
			);
			name = Products;
			sourceTree = "<group>";
		};
		6BDAFE1D2AFAB07200727F74 /* facebook_clone */ = {
			isa = PBXGroup;
			children = (
				6BDAFE362AFAD4E500727F74 /* Models */,
				6BDAFE2C2AFAC93300727F74 /* Home */,
				6BDAFE1E2AFAB07200727F74 /* facebook_cloneApp.swift */,
				6BDAFE222AFAB07500727F74 /* Assets.xcassets */,
				6BDAFE242AFAB07500727F74 /* Preview Content */,
			);
			path = facebook_clone;
			sourceTree = "<group>";
		};
		6BDAFE242AFAB07500727F74 /* Preview Content */ = {
			isa = PBXGroup;
			children = (
				6BDAFE252AFAB07500727F74 /* Preview Assets.xcassets */,
			);
			path = "Preview Content";
			sourceTree = "<group>";
		};
		6BDAFE2C2AFAC93300727F74 /* Home */ = {
			isa = PBXGroup;
			children = (
				6BDAFE2F2AFAC96300727F74 /* SubViews */,
				6BDAFE2D2AFAC94400727F74 /* HomeView.swift */,
			);
			path = Home;
			sourceTree = "<group>";
		};
		6BDAFE2F2AFAC96300727F74 /* SubViews */ = {
			isa = PBXGroup;
			children = (
				6BDAFE302AFAC97700727F74 /* HeaderView.swift */,
				6BDAFE322AFAD45D00727F74 /* SectionDividerView.swift */,
				6BDAFE342AFAD4A300727F74 /* StoriesView.swift */,
				6BDAFE392AFAD57800727F74 /* StoryView.swift */,
				6BDAFE3B2AFADBF000727F74 /* PostsView.swift */,
				6BDAFE3F2AFADD0D00727F74 /* PostView.swift */,
			);
			path = SubViews;
			sourceTree = "<group>";
		};
		6BDAFE362AFAD4E500727F74 /* Models */ = {
			isa = PBXGroup;
			children = (
				6BDAFE372AFAD4F400727F74 /* Story.swift */,
				6BDAFE3D2AFADC4100727F74 /* Post.swift */,
			);
			path = Models;
			sourceTree = "<group>";
		};
/* End PBXGroup section */

/* Begin PBXNativeTarget section */
		6BDAFE1A2AFAB07200727F74 /* facebook_clone */ = {
			isa = PBXNativeTarget;
			buildConfigurationList = 6BDAFE292AFAB07500727F74 /* Build configuration list for PBXNativeTarget "facebook_clone" */;
			buildPhases = (
				6BDAFE172AFAB07200727F74 /* Sources */,
				6BDAFE182AFAB07200727F74 /* Frameworks */,
				6BDAFE192AFAB07200727F74 /* Resources */,
			);
			buildRules = (
			);
			dependencies = (
			);
			name = facebook_clone;
			productName = facebook_clone;
			productReference = 6BDAFE1B2AFAB07200727F74 /* facebook_clone.app */;
			productType = "com.apple.product-type.application";
		};
/* End PBXNativeTarget section */

/* Begin PBXProject section */
		6BDAFE132AFAB07200727F74 /* Project object */ = {
			isa = PBXProject;
			attributes = {
				BuildIndependentTargetsInParallel = 1;
				LastSwiftUpdateCheck = 1500;
				LastUpgradeCheck = 1500;
				TargetAttributes = {
					6BDAFE1A2AFAB07200727F74 = {
						CreatedOnToolsVersion = 15.0.1;
					};
				};
			};
			buildConfigurationList = 6BDAFE162AFAB07200727F74 /* Build configuration list for PBXProject "facebook_clone" */;
			compatibilityVersion = "Xcode 14.0";
			developmentRegion = en;
			hasScannedForEncodings = 0;
			knownRegions = (
				en,
				Base,
			);
			mainGroup = 6BDAFE122AFAB07200727F74;
			productRefGroup = 6BDAFE1C2AFAB07200727F74 /* Products */;
			projectDirPath = "";
			projectRoot = "";
			targets = (
				6BDAFE1A2AFAB07200727F74 /* facebook_clone */,
			);
		};
/* End PBXProject section */

/* Begin PBXResourcesBuildPhase section */
		6BDAFE192AFAB07200727F74 /* Resources */ = {
			isa = PBXResourcesBuildPhase;
			buildActionMask = 2147483647;
			files = (
				6BDAFE262AFAB07500727F74 /* Preview Assets.xcassets in Resources */,
				6BDAFE232AFAB07500727F74 /* Assets.xcassets in Resources */,
			);
			runOnlyForDeploymentPostprocessing = 0;
		};
/* End PBXResourcesBuildPhase section */

/* Begin PBXSourcesBuildPhase section */
		6BDAFE172AFAB07200727F74 /* Sources */ = {
			isa = PBXSourcesBuildPhase;
			buildActionMask = 2147483647;
			files = (
				6BDAFE1F2AFAB07200727F74 /* facebook_cloneApp.swift in Sources */,
				6BDAFE352AFAD4A300727F74 /* StoriesView.swift in Sources */,
				6BDAFE312AFAC97700727F74 /* HeaderView.swift in Sources */,
				6BDAFE3A2AFAD57800727F74 /* StoryView.swift in Sources */,
				6BDAFE332AFAD45D00727F74 /* SectionDividerView.swift in Sources */,
				6BDAFE2E2AFAC94400727F74 /* HomeView.swift in Sources */,
				6BDAFE3E2AFADC4100727F74 /* Post.swift in Sources */,
				6BDAFE3C2AFADBF000727F74 /* PostsView.swift in Sources */,
				6BDAFE402AFADD0D00727F74 /* PostView.swift in Sources */,
				6BDAFE382AFAD4F400727F74 /* Story.swift in Sources */,
			);
			runOnlyForDeploymentPostprocessing = 0;
		};
/* End PBXSourcesBuildPhase section */

/* Begin XCBuildConfiguration section */
		6BDAFE272AFAB07500727F74 /* Debug */ = {
			isa = XCBuildConfiguration;
			buildSettings = {
				ALWAYS_SEARCH_USER_PATHS = NO;
				ASSETCATALOG_COMPILER_GENERATE_SWIFT_ASSET_SYMBOL_EXTENSIONS = YES;
				CLANG_ANALYZER_NONNULL = YES;
				CLANG_ANALYZER_NUMBER_OBJECT_CONVERSION = YES_AGGRESSIVE;
				CLANG_CXX_LANGUAGE_STANDARD = "gnu++20";
				CLANG_ENABLE_MODULES = YES;
				CLANG_ENABLE_OBJC_ARC = YES;
				CLANG_ENABLE_OBJC_WEAK = YES;
				CLANG_WARN_BLOCK_CAPTURE_AUTORELEASING = YES;
				CLANG_WARN_BOOL_CONVERSION = YES;
				CLANG_WARN_COMMA = YES;
				CLANG_WARN_CONSTANT_CONVERSION = YES;
				CLANG_WARN_DEPRECATED_OBJC_IMPLEMENTATIONS = YES;
				CLANG_WARN_DIRECT_OBJC_ISA_USAGE = YES_ERROR;
				CLANG_WARN_DOCUMENTATION_COMMENTS = YES;
				CLANG_WARN_EMPTY_BODY = YES;
				CLANG_WARN_ENUM_CONVERSION = YES;
				CLANG_WARN_INFINITE_RECURSION = YES;
				CLANG_WARN_INT_CONVERSION = YES;
				CLANG_WARN_NON_LITERAL_NULL_CONVERSION = YES;
				CLANG_WARN_OBJC_IMPLICIT_RETAIN_SELF = YES;
				CLANG_WARN_OBJC_LITERAL_CONVERSION = YES;
				CLANG_WARN_OBJC_ROOT_CLASS = YES_ERROR;
				CLANG_WARN_QUOTED_INCLUDE_IN_FRAMEWORK_HEADER = YES;
				CLANG_WARN_RANGE_LOOP_ANALYSIS = YES;
				CLANG_WARN_STRICT_PROTOTYPES = YES;
				CLANG_WARN_SUSPICIOUS_MOVE = YES;
				CLANG_WARN_UNGUARDED_AVAILABILITY = YES_AGGRESSIVE;
				CLANG_WARN_UNREACHABLE_CODE = YES;
				CLANG_WARN__DUPLICATE_METHOD_MATCH = YES;
				COPY_PHASE_STRIP = NO;
				DEBUG_INFORMATION_FORMAT = dwarf;
				ENABLE_STRICT_OBJC_MSGSEND = YES;
				ENABLE_TESTABILITY = YES;
				ENABLE_USER_SCRIPT_SANDBOXING = YES;
				GCC_C_LANGUAGE_STANDARD = gnu17;
				GCC_DYNAMIC_NO_PIC = NO;
				GCC_NO_COMMON_BLOCKS = YES;
				GCC_OPTIMIZATION_LEVEL = 0;
				GCC_PREPROCESSOR_DEFINITIONS = (
					"DEBUG=1",
					"$(inherited)",
				);
				GCC_WARN_64_TO_32_BIT_CONVERSION = YES;
				GCC_WARN_ABOUT_RETURN_TYPE = YES_ERROR;
				GCC_WARN_UNDECLARED_SELECTOR = YES;
				GCC_WARN_UNINITIALIZED_AUTOS = YES_AGGRESSIVE;
				GCC_WARN_UNUSED_FUNCTION = YES;
				GCC_WARN_UNUSED_VARIABLE = YES;
				IPHONEOS_DEPLOYMENT_TARGET = 17.0;
				LOCALIZATION_PREFERS_STRING_CATALOGS = YES;
				MTL_ENABLE_DEBUG_INFO = INCLUDE_SOURCE;
				MTL_FAST_MATH = YES;
				ONLY_ACTIVE_ARCH = YES;
				SDKROOT = iphoneos;
				SWIFT_ACTIVE_COMPILATION_CONDITIONS = "DEBUG $(inherited)";
				SWIFT_OPTIMIZATION_LEVEL = "-Onone";
			};
			name = Debug;
		};
		6BDAFE282AFAB07500727F74 /* Release */ = {
			isa = XCBuildConfiguration;
			buildSettings = {
				ALWAYS_SEARCH_USER_PATHS = NO;
				ASSETCATALOG_COMPILER_GENERATE_SWIFT_ASSET_SYMBOL_EXTENSIONS = YES;
				CLANG_ANALYZER_NONNULL = YES;
				CLANG_ANALYZER_NUMBER_OBJECT_CONVERSION = YES_AGGRESSIVE;
				CLANG_CXX_LANGUAGE_STANDARD = "gnu++20";
				CLANG_ENABLE_MODULES = YES;
				CLANG_ENABLE_OBJC_ARC = YES;
				CLANG_ENABLE_OBJC_WEAK = YES;
				CLANG_WARN_BLOCK_CAPTURE_AUTORELEASING = YES;
				CLANG_WARN_BOOL_CONVERSION = YES;
				CLANG_WARN_COMMA = YES;
				CLANG_WARN_CONSTANT_CONVERSION = YES;
				CLANG_WARN_DEPRECATED_OBJC_IMPLEMENTATIONS = YES;
				CLANG_WARN_DIRECT_OBJC_ISA_USAGE = YES_ERROR;
				CLANG_WARN_DOCUMENTATION_COMMENTS = YES;
				CLANG_WARN_EMPTY_BODY = YES;
				CLANG_WARN_ENUM_CONVERSION = YES;
				CLANG_WARN_INFINITE_RECURSION = YES;
				CLANG_WARN_INT_CONVERSION = YES;
				CLANG_WARN_NON_LITERAL_NULL_CONVERSION = YES;
				CLANG_WARN_OBJC_IMPLICIT_RETAIN_SELF = YES;
				CLANG_WARN_OBJC_LITERAL_CONVERSION = YES;
				CLANG_WARN_OBJC_ROOT_CLASS = YES_ERROR;
				CLANG_WARN_QUOTED_INCLUDE_IN_FRAMEWORK_HEADER = YES;
				CLANG_WARN_RANGE_LOOP_ANALYSIS = YES;
				CLANG_WARN_STRICT_PROTOTYPES = YES;
				CLANG_WARN_SUSPICIOUS_MOVE = YES;
				CLANG_WARN_UNGUARDED_AVAILABILITY = YES_AGGRESSIVE;
				CLANG_WARN_UNREACHABLE_CODE = YES;
				CLANG_WARN__DUPLICATE_METHOD_MATCH = YES;
				COPY_PHASE_STRIP = NO;
				DEBUG_INFORMATION_FORMAT = "dwarf-with-dsym";
				ENABLE_NS_ASSERTIONS = NO;
				ENABLE_STRICT_OBJC_MSGSEND = YES;
				ENABLE_USER_SCRIPT_SANDBOXING = YES;
				GCC_C_LANGUAGE_STANDARD = gnu17;
				GCC_NO_COMMON_BLOCKS = YES;
				GCC_WARN_64_TO_32_BIT_CONVERSION = YES;
				GCC_WARN_ABOUT_RETURN_TYPE = YES_ERROR;
				GCC_WARN_UNDECLARED_SELECTOR = YES;
				GCC_WARN_UNINITIALIZED_AUTOS = YES_AGGRESSIVE;
				GCC_WARN_UNUSED_FUNCTION = YES;
				GCC_WARN_UNUSED_VARIABLE = YES;
				IPHONEOS_DEPLOYMENT_TARGET = 17.0;
				LOCALIZATION_PREFERS_STRING_CATALOGS = YES;
				MTL_ENABLE_DEBUG_INFO = NO;
				MTL_FAST_MATH = YES;
				SDKROOT = iphoneos;
				SWIFT_COMPILATION_MODE = wholemodule;
				VALIDATE_PRODUCT = YES;
			};
			name = Release;
		};
		6BDAFE2A2AFAB07500727F74 /* Debug */ = {
			isa = XCBuildConfiguration;
			buildSettings = {
				ASSETCATALOG_COMPILER_APPICON_NAME = AppIcon;
				ASSETCATALOG_COMPILER_GLOBAL_ACCENT_COLOR_NAME = AccentColor;
				CODE_SIGN_STYLE = Automatic;
				CURRENT_PROJECT_VERSION = 1;
				DEVELOPMENT_ASSET_PATHS = "\"facebook_clone/Preview Content\"";
				ENABLE_PREVIEWS = YES;
				GENERATE_INFOPLIST_FILE = YES;
				INFOPLIST_KEY_UIApplicationSceneManifest_Generation = YES;
				INFOPLIST_KEY_UIApplicationSupportsIndirectInputEvents = YES;
				INFOPLIST_KEY_UILaunchScreen_Generation = YES;
				INFOPLIST_KEY_UISupportedInterfaceOrientations_iPad = "UIInterfaceOrientationPortrait UIInterfaceOrientationPortraitUpsideDown UIInterfaceOrientationLandscapeLeft UIInterfaceOrientationLandscapeRight";
				INFOPLIST_KEY_UISupportedInterfaceOrientations_iPhone = "UIInterfaceOrientationPortrait UIInterfaceOrientationLandscapeLeft UIInterfaceOrientationLandscapeRight";
				LD_RUNPATH_SEARCH_PATHS = (
					"$(inherited)",
					"@executable_path/Frameworks",
				);
				MARKETING_VERSION = 1.0;
				PRODUCT_BUNDLE_IDENTIFIER = "Gabriel-Lullet.facebook-clone";
				PRODUCT_NAME = "$(TARGET_NAME)";
				SWIFT_EMIT_LOC_STRINGS = YES;
				SWIFT_VERSION = 5.0;
				TARGETED_DEVICE_FAMILY = "1,2";
			};
			name = Debug;
		};
		6BDAFE2B2AFAB07500727F74 /* Release */ = {
			isa = XCBuildConfiguration;
			buildSettings = {
				ASSETCATALOG_COMPILER_APPICON_NAME = AppIcon;
				ASSETCATALOG_COMPILER_GLOBAL_ACCENT_COLOR_NAME = AccentColor;
				CODE_SIGN_STYLE = Automatic;
				CURRENT_PROJECT_VERSION = 1;
				DEVELOPMENT_ASSET_PATHS = "\"facebook_clone/Preview Content\"";
				ENABLE_PREVIEWS = YES;
				GENERATE_INFOPLIST_FILE = YES;
				INFOPLIST_KEY_UIApplicationSceneManifest_Generation = YES;
				INFOPLIST_KEY_UIApplicationSupportsIndirectInputEvents = YES;
				INFOPLIST_KEY_UILaunchScreen_Generation = YES;
				INFOPLIST_KEY_UISupportedInterfaceOrientations_iPad = "UIInterfaceOrientationPortrait UIInterfaceOrientationPortraitUpsideDown UIInterfaceOrientationLandscapeLeft UIInterfaceOrientationLandscapeRight";
				INFOPLIST_KEY_UISupportedInterfaceOrientations_iPhone = "UIInterfaceOrientationPortrait UIInterfaceOrientationLandscapeLeft UIInterfaceOrientationLandscapeRight";
				LD_RUNPATH_SEARCH_PATHS = (
					"$(inherited)",
					"@executable_path/Frameworks",
				);
				MARKETING_VERSION = 1.0;
				PRODUCT_BUNDLE_IDENTIFIER = "Gabriel-Lullet.facebook-clone";
				PRODUCT_NAME = "$(TARGET_NAME)";
				SWIFT_EMIT_LOC_STRINGS = YES;
				SWIFT_VERSION = 5.0;
				TARGETED_DEVICE_FAMILY = "1,2";
			};
			name = Release;
		};
/* End XCBuildConfiguration section */

/* Begin XCConfigurationList section */
		6BDAFE162AFAB07200727F74 /* Build configuration list for PBXProject "facebook_clone" */ = {
			isa = XCConfigurationList;
			buildConfigurations = (
				6BDAFE272AFAB07500727F74 /* Debug */,
				6BDAFE282AFAB07500727F74 /* Release */,
			);
			defaultConfigurationIsVisible = 0;
			defaultConfigurationName = Release;
		};
		6BDAFE292AFAB07500727F74 /* Build configuration list for PBXNativeTarget "facebook_clone" */ = {
			isa = XCConfigurationList;
			buildConfigurations = (
				6BDAFE2A2AFAB07500727F74 /* Debug */,
				6BDAFE2B2AFAB07500727F74 /* Release */,
			);
			defaultConfigurationIsVisible = 0;
			defaultConfigurationName = Release;
		};
/* End XCConfigurationList section */
	};
	rootObject = 6BDAFE132AFAB07200727F74 /* Project object */;
}
